github.com/alecthomas/kingpin v0.0.0-20180312062423-a39589180ebd h1:AbxeYNt8XtHtZtdmrtevooDYsCAXONNwvFveUmOO5+M=
github.com/alecthomas/kingpin v0.0.0-20180312062423-a39589180ebd/go.mod h1:59OFYbFVLKQKq+mqrL6Rw5bR0c3ACQaawgXx0QYndlE=
github.com/alecthomas/template v0.0.0-20160405071501-a0175ee3bccc h1:cAKDfWh5VpdgMhJosfJnn5/FoN2SRZ4p7fJNX58YPaU=
github.com/alecthomas/template v0.0.0-20160405071501-a0175ee3bccc/go.mod h1:LOuyumcjzFXgccqObfd/Ljyb9UuFJ6TxHnclSeseNhc=
github.com/alecthomas/units v0.0.0-20151022065526-2efee857e7cf h1:qet1QNfXsQxTZqLG4oE62mJzwPIB8+Tee4RNCL9ulrY=
github.com/alecthomas/units v0.0.0-20151022065526-2efee857e7cf/go.mod h1:ybxpYRFXyAe+OPACYpWeL0wqObRcbAqCMya13uyzqw0=
github.com/davecgh/go-spew v1.1.0 h1:ZDRjVQ15GmhC3fiQ8ni8+OwkZQO4DARzQgrnXU1Liz8=
github.com/davecgh/go-spew v1.1.0/go.mod h1:J7Y8YcW2NihsgmVo/mv3lAwl/skON4iLHjSsI+c5H38=
github.com/gophercloud/gophercloud v0.0.0-20190328013130-c923f33b1166 h1:bAHHfBFv1pc/83LXYPvDQ7FNN448PUyD1GdbvJmX8r0=
github.com/gophercloud/gophercloud v0.0.0-20190328013130-c923f33b1166/go.mod h1:vxM41WHh5uqHVBMZHzuwNOHh8XEoIEcSTewFxm1c5g8=
github.com/gophercloud/utils v0.0.0-20181004021006-a45c12ccd8b0 h1:ncGCBo4FERBxtcFY4D+zP+/3/F4PPqjYLhNsNehyTG4=
github.com/gophercloud/utils v0.0.0-20181004021006-a45c12ccd8b0/go.mod h1:wjDF8z83zTeg5eMLml5EBSlAhbF7G8DobyI1YsMuyzw=
github.com/mattn/go-runewidth v0.0.3 h1:a+kO+98RDGEfo6asOGMmpodZq4FNtnGP54yps8BzLR4=
github.com/mattn/go-runewidth v0.0.3/go.mod h1:LwmH8dsx7+W8Uxz3IHJYH5QSwggIsqBzpuz5H//U1FU=
github.com/olekukonko/tablewriter v0.0.0-20180912035003-be2c049b30cc h1:rQ1O4ZLYR2xXHXgBCCfIIGnuZ0lidMQw2S5n1oOv+Wg=
github.com/olekukonko/tablewriter v0.0.0-20180912035003-be2c049b30cc/go.mod h1:vsDQFd/mU46D+Z4whnwzcISnGGzXWMclvtLoiIKAKIo=
github.com/pmezard/go-difflib v1.0.0 h1:4DBwDE0NGyQoBHbLQYPwSUPoCMWR5BEzIk/f1lZbAQM=
github.com/pmezard/go-difflib v1.0.0/go.mod h1:iKH77koFhYxTK1pcRnkKkqfTogsbg7gZNVY4sRDYZ/4=
github.com/sapcc/gophercloud-limes v0.0.0-20181214134236-10c7457ba500 h1:mdDUYJAbmWLyDr4YCeXIBgD1WvcSSKGFdaf59onT7oE=
github.com/sapcc/gophercloud-limes v0.0.0-20181214134236-10c7457ba500/go.mod h1:JPGfht1BLaayK4fxs8GSkiL2mGQYDZeMG3m6dPkMPJQ=
github.com/sapcc/limes v0.0.0-20190524085111-8e11b9dd01db h1:jWIc+Wc8W4bYLPv0YDlEIw9GnO5/bl2sYdEDCWajIxU=
github.com/sapcc/limes v0.0.0-20190524085111-8e11b9dd01db/go.mod h1:Fq0sDroTbraRqiS+OWjf8GFMREFVgrF8nhvJ76SgAk4=
github.com/stretchr/objx v0.1.0/go.mod h1:HFkY916IF+rwdDfMAkV7OtwuqBVzrE8GR6GFx+wExME=
github.com/stretchr/testify v1.3.0 h1:TivCn/peBQ7UY8ooIcPgZFpTNSz0Q2U6UrFlUfqbe0Q=
github.com/stretchr/testify v1.3.0/go.mod h1:M5WIy9Dh21IEIfnGCwXGc5bZfKNJtfHm1UVUgZn+9EI=
golang.org/x/crypto v0.0.0-20190211182817-74369b46fc67/go.mod h1:6SG95UA2DQfeDnfUPMdvaQW0Q7yPrPDi9nlGo2tz2b4=
golang.org/x/sys v0.0.0-20190209173611-3b5209105503/go.mod h1:STP8DvDyc/dI5b8T5hshtkjS+E42TnysNCUPdjciGhY=
gopkg.in/check.v1 v0.0.0-20161208181325-20d25e280405 h1:yhCVgyC4o1eVCa2tZl7eS0r+SDo693bJlVdllGtEeKM=
gopkg.in/check.v1 v0.0.0-20161208181325-20d25e280405/go.mod h1:Co6ibVJAznAaIkqp8huTwlJQCZ016jof/cbN4VW5Yz0=
gopkg.in/yaml.v2 v2.2.2 h1:ZCJp+EgiOT7lHqUV2J862kp8Qj64Jo6az82+3Td9dZw=
gopkg.in/yaml.v2 v2.2.2/go.mod h1:hI93XBmqTisBFMUTm0b8Fm+jr3Dg1NNxqwp+5A1VGuI=
