# This file is autogenerated, do not edit; changes may be undone by the next 'dep ensure'.


[[projects]]
  branch = "master"
  digest = "1:c34bc967eedd84e16c16905429ad84c0de1355c0d16126b35b0eca8eb6581056"
  name = "github.com/alecthomas/kingpin"
  packages = ["."]
  pruneopts = "UT"
  revision = "a39589180ebd6bbf43076e514b55f20a95d43086"

[[projects]]
  branch = "master"
  digest = "1:315c5f2f60c76d89b871c73f9bd5fe689cad96597afd50fb9992228ef80bdd34"
  name = "github.com/alecthomas/template"
  packages = [
    ".",
    "parse",
  ]
  pruneopts = "UT"
  revision = "a0175ee3bccc567396460bf5acd36800cb10c49c"

[[projects]]
  branch = "master"
  digest = "1:c198fdc381e898e8fb62b8eb62758195091c313ad18e52a3067366e1dda2fb3c"
  name = "github.com/alecthomas/units"
  packages = ["."]
  pruneopts = "UT"
  revision = "2efee857e7cfd4f3d0138cc3cbb1b4966962b93a"

[[projects]]
  branch = "master"
  digest = "1:ccafcca053f9181ac2d4b5f64c52db9448392394581c0ba066d85f0977623032"
  name = "github.com/gophercloud/gophercloud"
  packages = [
    ".",
    "openstack",
    "openstack/identity/v2/tenants",
    "openstack/identity/v2/tokens",
    "openstack/identity/v3/domains",
    "openstack/identity/v3/projects",
    "openstack/identity/v3/tokens",
    "openstack/utils",
    "pagination",
    "testhelper",
  ]
  pruneopts = "UT"
  revision = "c923f33b11662b84f786afd7e36010c234ce7e58"

[[projects]]
  branch = "master"
  digest = "1:459a9e1d977c48125fe761f5cb7bba8416fde88d45172bcab1aa2cac2c72e62e"
  name = "github.com/gophercloud/utils"
  packages = ["openstack/clientconfig"]
  pruneopts = "UT"
  revision = "a45c12ccd8b0ce73306762607a60568a1bca4bbe"

[[projects]]
  digest = "1:cdb899c199f907ac9fb50495ec71212c95cb5b0e0a8ee0800da0238036091033"
  name = "github.com/mattn/go-runewidth"
  packages = ["."]
  pruneopts = "UT"
  revision = "ce7b0b5c7b45a81508558cd1dba6bb1e4ddb51bb"
  version = "v0.0.3"

[[projects]]
  branch = "master"
  digest = "1:f611266e3ac01ab4adb6f1d67f6c1be82998d02f452faff450596658712d860b"
  name = "github.com/olekukonko/tablewriter"
  packages = ["."]
  pruneopts = "UT"
  revision = "be2c049b30ccd4d3fd795d6bf7dce74e42eeedaa"

[[projects]]
  branch = "master"
  digest = "1:06c382ea4d2d327d5feb6083153ab2d3275eff9c0d25f7f9417c7c822d00e0aa"
  name = "github.com/sapcc/gophercloud-limes"
  packages = [
    "resources",
    "resources/v1/clusters",
    "resources/v1/domains",
    "resources/v1/projects",
  ]
  pruneopts = "UT"
  revision = "10c7457ba5008b51a15a3429d07a723ef587de17"

[[projects]]
  branch = "master"
  digest = "1:5455ef31507c26b6b035f7fcf10fcbfd97cae62dc18148a239134eb87e030090"
  name = "github.com/sapcc/limes"
  packages = ["."]
  pruneopts = "UT"
  revision = "ef5da93b7831f2b837f68595bfbea363aa279599"

[[projects]]
  digest = "1:342378ac4dcb378a5448dd723f0784ae519383532f5e70ade24132c4c8693202"
  name = "gopkg.in/yaml.v2"
  packages = ["."]
  pruneopts = "UT"
  revision = "5420a8b6744d3b0345ab293f6fcba19c978f1183"
  version = "v2.2.1"

[solve-meta]
  analyzer-name = "dep"
  analyzer-version = 1
  input-imports = [
    "github.com/alecthomas/kingpin",
    "github.com/gophercloud/gophercloud",
    "github.com/gophercloud/gophercloud/openstack",
    "github.com/gophercloud/gophercloud/openstack/identity/v3/domains",
    "github.com/gophercloud/gophercloud/openstack/identity/v3/projects",
    "github.com/gophercloud/gophercloud/pagination",
    "github.com/gophercloud/gophercloud/testhelper",
    "github.com/gophercloud/utils/openstack/clientconfig",
    "github.com/olekukonko/tablewriter",
    "github.com/sapcc/gophercloud-limes/resources",
    "github.com/sapcc/gophercloud-limes/resources/v1/clusters",
    "github.com/sapcc/gophercloud-limes/resources/v1/domains",
    "github.com/sapcc/gophercloud-limes/resources/v1/projects",
    "github.com/sapcc/limes",
  ]
  solver-name = "gps-cdcl"
  solver-version = 1
