# This file is autogenerated, do not edit; changes may be undone by the next 'dep ensure'.


[[projects]]
  branch = "master"
  digest = "1:c34bc967eedd84e16c16905429ad84c0de1355c0d16126b35b0eca8eb6581056"
  name = "github.com/alecthomas/kingpin"
  packages = ["."]
  pruneopts = "UT"
  revision = "a39589180ebd6bbf43076e514b55f20a95d43086"

[[projects]]
  branch = "master"
  digest = "1:315c5f2f60c76d89b871c73f9bd5fe689cad96597afd50fb9992228ef80bdd34"
  name = "github.com/alecthomas/template"
  packages = [
    ".",
    "parse",
  ]
  pruneopts = "UT"
  revision = "a0175ee3bccc567396460bf5acd36800cb10c49c"

[[projects]]
  branch = "master"
  digest = "1:c198fdc381e898e8fb62b8eb62758195091c313ad18e52a3067366e1dda2fb3c"
  name = "github.com/alecthomas/units"
  packages = ["."]
  pruneopts = "UT"
  revision = "2efee857e7cfd4f3d0138cc3cbb1b4966962b93a"

[[projects]]
  branch = "master"
  digest = "1:d6afaeed1502aa28e80a4ed0981d570ad91b2579193404256ce672ed0a609e0d"
  name = "github.com/beorn7/perks"
  packages = ["quantile"]
  pruneopts = "UT"
  revision = "3a771d992973f24aa725d07868b467d1ddfceafb"

[[projects]]
  branch = "master"
  digest = "1:dd33dda1078545d3f678fefedd53352f2519675f0c54f387da7e4b6be0e61fd7"
  name = "github.com/databus23/goslo.policy"
  packages = ["."]
  pruneopts = "UT"
  revision = "3ae74dd07ebf48d1f2babbd1d2177cd1878a09ee"

[[projects]]
  digest = "1:ce579162ae1341f3e5ab30c0dce767f28b1eb6a81359aad01723f1ba6b4becdf"
  name = "github.com/gofrs/uuid"
  packages = ["."]
  pruneopts = "UT"
  revision = "370558f003bfe29580cd0f698d8640daccdcc45c"
  version = "v3.1.1"

[[projects]]
  digest = "1:5379b1ef86e7b50486f756f0716c4e0a667caa0d4af589a9d518932006eb13d2"
  name = "github.com/golang-migrate/migrate"
  packages = [
    ".",
    "database",
    "database/postgres",
    "database/sqlite3",
    "source",
    "source/go_bindata",
  ]
  pruneopts = "UT"
  revision = "4937cd088f7c7193ee59b319c1c2caa7482aae8e"
  version = "v3.5.4"

[[projects]]
  digest = "1:97df918963298c287643883209a2c3f642e6593379f97ab400c2a2e219ab647d"
  name = "github.com/golang/protobuf"
  packages = ["proto"]
  pruneopts = "UT"
  revision = "aa810b61a9c79d51363740d207bb46cf8e620ed5"
  version = "v1.2.0"

[[projects]]
  branch = "master"
  digest = "1:fee87f0f49bb31ea25845525baf518a42308087962ee1f98ab60d394d873226f"
  name = "github.com/gophercloud/gophercloud"
  packages = [
    ".",
    "openstack",
    "openstack/identity/v2/tenants",
    "openstack/identity/v2/tokens",
    "openstack/identity/v3/domains",
    "openstack/identity/v3/projects",
    "openstack/identity/v3/tokens",
    "openstack/utils",
    "pagination",
    "testhelper",
  ]
  pruneopts = "UT"
  revision = "0719c6b22f30132b0ae6c90b038e0d50992107b0"

[[projects]]
  branch = "master"
  digest = "1:459a9e1d977c48125fe761f5cb7bba8416fde88d45172bcab1aa2cac2c72e62e"
  name = "github.com/gophercloud/utils"
  packages = ["openstack/clientconfig"]
  pruneopts = "UT"
  revision = "a45c12ccd8b0ce73306762607a60568a1bca4bbe"

[[projects]]
  digest = "1:c79fb010be38a59d657c48c6ba1d003a8aa651fa56b579d959d74573b7dff8e1"
  name = "github.com/gorilla/context"
  packages = ["."]
  pruneopts = "UT"
  revision = "08b5f424b9271eedf6f9f0ce86cb9396ed337a42"
  version = "v1.1.1"

[[projects]]
  digest = "1:e73f5b0152105f18bc131fba127d9949305c8693f8a762588a82a48f61756f5f"
  name = "github.com/gorilla/mux"
  packages = ["."]
  pruneopts = "UT"
  revision = "e3702bed27f0d39777b0b37b664b6280e8ef8fbf"
  version = "v1.6.2"

[[projects]]
  digest = "1:8ef506fc2bb9ced9b151dafa592d4046063d744c646c1bbe801982ce87e4bc24"
  name = "github.com/lib/pq"
  packages = [
    ".",
    "oid",
  ]
  pruneopts = "UT"
  revision = "4ded0e9383f75c197b3a2aaa6d590ac52df6fd79"
  version = "v1.0.0"

[[projects]]
  branch = "master"
  digest = "1:cc585fe869559066e8a0186cc07a7487c55083d7a701d94d2ec46fd7f9acb092"
  name = "github.com/majewsky/sqlproxy"
  packages = ["."]
  pruneopts = "UT"
  revision = "66c34829b29db560c3ef23289cc61f688426822a"

[[projects]]
  digest = "1:cdb899c199f907ac9fb50495ec71212c95cb5b0e0a8ee0800da0238036091033"
  name = "github.com/mattn/go-runewidth"
  packages = ["."]
  pruneopts = "UT"
  revision = "ce7b0b5c7b45a81508558cd1dba6bb1e4ddb51bb"
  version = "v0.0.3"

[[projects]]
  digest = "1:3cafc6a5a1b8269605d9df4c6956d43d8011fc57f266ca6b9d04da6c09dee548"
  name = "github.com/mattn/go-sqlite3"
  packages = ["."]
  pruneopts = "UT"
  revision = "25ecb14adfc7543176f7d85291ec7dba82c6f7e4"
  version = "v1.9.0"

[[projects]]
  digest = "1:ff5ebae34cfbf047d505ee150de27e60570e8c394b3b8fdbb720ff6ac71985fc"
  name = "github.com/matttproud/golang_protobuf_extensions"
  packages = ["pbutil"]
  pruneopts = "UT"
  revision = "c12348ce28de40eed0136aa2b644d0ee0650e56c"
  version = "v1.0.1"

[[projects]]
  branch = "master"
  digest = "1:f611266e3ac01ab4adb6f1d67f6c1be82998d02f452faff450596658712d860b"
  name = "github.com/olekukonko/tablewriter"
  packages = ["."]
  pruneopts = "UT"
  revision = "be2c049b30ccd4d3fd795d6bf7dce74e42eeedaa"

[[projects]]
  digest = "1:f43f7e80e273179b98af510dd453d184c7860920d6f9aa5c89e06aed0494a7a8"
  name = "github.com/prometheus/client_golang"
  packages = [
    "prometheus",
    "prometheus/internal",
  ]
  pruneopts = "UT"
  revision = "1cafe34db7fdec6022e17e00e1c1ea501022f3e4"
  version = "v0.9.0"

[[projects]]
  branch = "master"
  digest = "1:2d5cd61daa5565187e1d96bae64dbbc6080dacf741448e9629c64fd93203b0d4"
  name = "github.com/prometheus/client_model"
  packages = ["go"]
  pruneopts = "UT"
  revision = "5c3871d89910bfb32f5fcab2aa4b9ec68e65a99f"

[[projects]]
  branch = "master"
  digest = "1:1261069fb38fbe59aba55117ee39c59814f211c027d66d59ed1c60e5c11b377c"
  name = "github.com/prometheus/common"
  packages = [
    "expfmt",
    "internal/bitbucket.org/ww/goautoneg",
    "model",
  ]
  pruneopts = "UT"
  revision = "16b4535ad14a9ef20a9d9fd8055143c5faa15224"

[[projects]]
  branch = "master"
  digest = "1:ef74914912f99c79434d9c09658274678bc85080ebe3ab32bec3940ebce5e1fc"
  name = "github.com/prometheus/procfs"
  packages = [
    ".",
    "internal/util",
    "nfs",
    "xfs",
  ]
  pruneopts = "UT"
  revision = "185b4288413d2a0dd0806f78c90dde719829e5ae"

[[projects]]
  branch = "master"
  digest = "1:6adac54a7fbcde4afa4db63cc7b88d43b134783c6f3aba4c0d59a68668542d9e"
  name = "github.com/sapcc/go-bits"
  packages = [
    "gopherpolicy",
    "logg",
    "postlite",
    "respondwith",
    "retry",
  ]
  pruneopts = "UT"
  revision = "ed29938ce01cdd95629409bd903c8c81934385d4"

[[projects]]
  branch = "master"
  digest = "1:43816aeeb714285b37313387ca3333746a94a10c1f25e049450b9988960fa8dd"
  name = "github.com/sapcc/gophercloud-limes"
  packages = [
    "resources",
    "resources/v1/clusters",
    "resources/v1/domains",
    "resources/v1/projects",
  ]
  pruneopts = "UT"
  revision = "254a23de65770de8b9a9a4dbca9a3ebc1cd812bd"

[[projects]]
  branch = "master"
  digest = "1:39d023c89feca9fc5d82e32402d3e11aed05b09f3e4000bf803f7a696e31485d"
  name = "github.com/sapcc/limes"
  packages = [
    "pkg/api",
    "pkg/audit",
    "pkg/collector",
    "pkg/datamodel",
    "pkg/db",
    "pkg/limes",
    "pkg/reports",
    "pkg/util",
  ]
  pruneopts = "UT"
  revision = "c9255de72bd0618e642a0a3c953c02bc9eb479c1"

[[projects]]
  branch = "master"
  digest = "1:0c088044c1c1ee83e723692442df4fec9b3f2e57f7a99773485c97adfbc31695"
  name = "github.com/streadway/amqp"
  packages = ["."]
  pruneopts = "UT"
  revision = "70e15c650864f4fc47f5d3c82ea117285480895d"

[[projects]]
  digest = "1:670d1f29fa2aa15ea777cc5bcf95881f379bf8a71dbbe145be0774da97fede72"
  name = "gopkg.in/gorp.v2"
  packages = ["."]
  pruneopts = "UT"
  revision = "4df78490a9aa9a78b9b02b0c913df8dc1954faee"
  version = "2.1"

[[projects]]
  digest = "1:342378ac4dcb378a5448dd723f0784ae519383532f5e70ade24132c4c8693202"
  name = "gopkg.in/yaml.v2"
  packages = ["."]
  pruneopts = "UT"
  revision = "5420a8b6744d3b0345ab293f6fcba19c978f1183"
  version = "v2.2.1"

[solve-meta]
  analyzer-name = "dep"
  analyzer-version = 1
  input-imports = [
    "github.com/alecthomas/kingpin",
    "github.com/gophercloud/gophercloud",
    "github.com/gophercloud/gophercloud/openstack",
    "github.com/gophercloud/gophercloud/openstack/identity/v3/domains",
    "github.com/gophercloud/gophercloud/openstack/identity/v3/projects",
    "github.com/gophercloud/gophercloud/pagination",
    "github.com/gophercloud/gophercloud/testhelper",
    "github.com/gophercloud/utils/openstack/clientconfig",
    "github.com/olekukonko/tablewriter",
    "github.com/sapcc/gophercloud-limes/resources",
    "github.com/sapcc/gophercloud-limes/resources/v1/clusters",
    "github.com/sapcc/gophercloud-limes/resources/v1/domains",
    "github.com/sapcc/gophercloud-limes/resources/v1/projects",
    "github.com/sapcc/limes/pkg/api",
    "github.com/sapcc/limes/pkg/limes",
    "github.com/sapcc/limes/pkg/reports",
  ]
  solver-name = "gps-cdcl"
  solver-version = 1
